
Microsoft Visual Studio Solution File, Format Version 12.00
# Visual Studio Version 17
VisualStudioVersion = 17.12.35707.178 d17.12
MinimumVisualStudioVersion = 10.0.40219.1
Project("{FAE04EC0-301F-11D3-BF4B-00C04F79EFBC}") = "BusRouteControl.Web", "BusRouteControl.Web\BusRouteControl.Web.csproj", "{F2A51BF0-1A16-4454-8911-3A5C9BBEF47F}"
EndProject
Project("{FAE04EC0-301F-11D3-BF4B-00C04F79EFBC}") = "BusRouteControl.Infrastructure", "BusRouteControl.Infrastructure\BusRouteControl.Infrastructure.csproj", "{4295DB28-FC01-42AC-B169-63039E713BE8}"
EndProject
Project("{FAE04EC0-301F-11D3-BF4B-00C04F79EFBC}") = "BusRouteControl.Domain", "BusRouteControl.Domain\BusRouteControl.Domain.csproj", "{6F226E8D-D2AF-4684-A1BD-DC771F25B275}"
EndProject
Project("{FAE04EC0-301F-11D3-BF4B-00C04F79EFBC}") = "BusRouteControl.Application", "BusRouteControl.Application\BusRouteControl.Application.csproj", "{D6C9E716-0BE5-4F6D-AD78-F428027D9B4C}"
EndProject
Project("{FAE04EC0-301F-11D3-BF4B-00C04F79EFBC}") = "BusRouteControl.API", "BusRouteControl.API\BusRouteControl.API.csproj", "{23C2C518-17B5-4DE6-9A61-C2448FDA430B}"
EndProject
Global
	GlobalSection(SolutionConfigurationPlatforms) = preSolution
		Debug|Any CPU = Debug|Any CPU
		Release|Any CPU = Release|Any CPU
	EndGlobalSection
	GlobalSection(ProjectConfigurationPlatforms) = postSolution
		{F2A51BF0-1A16-4454-8911-3A5C9BBEF47F}.Debug|Any CPU.ActiveCfg = Debug|Any CPU
		{F2A51BF0-1A16-4454-8911-3A5C9BBEF47F}.Debug|Any CPU.Build.0 = Debug|Any CPU
		{F2A51BF0-1A16-4454-8911-3A5C9BBEF47F}.Release|Any CPU.ActiveCfg = Release|Any CPU
		{F2A51BF0-1A16-4454-8911-3A5C9BBEF47F}.Release|Any CPU.Build.0 = Release|Any CPU
		{4295DB28-FC01-42AC-B169-63039E713BE8}.Debug|Any CPU.ActiveCfg = Debug|Any CPU
		{4295DB28-FC01-42AC-B169-63039E713BE8}.Debug|Any CPU.Build.0 = Debug|Any CPU
		{4295DB28-FC01-42AC-B169-63039E713BE8}.Release|Any CPU.ActiveCfg = Release|Any CPU
		{4295DB28-FC01-42AC-B169-63039E713BE8}.Release|Any CPU.Build.0 = Release|Any CPU
		{6F226E8D-D2AF-4684-A1BD-DC771F25B275}.Debug|Any CPU.ActiveCfg = Debug|Any CPU
		{6F226E8D-D2AF-4684-A1BD-DC771F25B275}.Debug|Any CPU.Build.0 = Debug|Any CPU
		{6F226E8D-D2AF-4684-A1BD-DC771F25B275}.Release|Any CPU.ActiveCfg = Release|Any CPU
		{6F226E8D-D2AF-4684-A1BD-DC771F25B275}.Release|Any CPU.Build.0 = Release|Any CPU
		{D6C9E716-0BE5-4F6D-AD78-F428027D9B4C}.Debug|Any CPU.ActiveCfg = Debug|Any CPU
		{D6C9E716-0BE5-4F6D-AD78-F428027D9B4C}.Debug|Any CPU.Build.0 = Debug|Any CPU
		{D6C9E716-0BE5-4F6D-AD78-F428027D9B4C}.Release|Any CPU.ActiveCfg = Release|Any CPU
		{D6C9E716-0BE5-4F6D-AD78-F428027D9B4C}.Release|Any CPU.Build.0 = Release|Any CPU
		{23C2C518-17B5-4DE6-9A61-C2448FDA430B}.Debug|Any CPU.ActiveCfg = Debug|Any CPU
		{23C2C518-17B5-4DE6-9A61-C2448FDA430B}.Debug|Any CPU.Build.0 = Debug|Any CPU
		{23C2C518-17B5-4DE6-9A61-C2448FDA430B}.Release|Any CPU.ActiveCfg = Release|Any CPU
		{23C2C518-17B5-4DE6-9A61-C2448FDA430B}.Release|Any CPU.Build.0 = Release|Any CPU
	EndGlobalSection
	GlobalSection(SolutionProperties) = preSolution
		HideSolutionNode = FALSE
	EndGlobalSection
EndGlobal
