
Microsoft Visual Studio Solution File, Format Version 12.00
# Visual Studio Version 17
VisualStudioVersion = 17.12.35707.178
MinimumVisualStudioVersion = 10.0.40219.1
Project("{FAE04EC0-301F-11D3-BF4B-00C04F79EFBC}") = "BusRouteControl.Web", "BusRouteControl.Web\BusRouteControl.Web.csproj", "{FD2701A1-26FE-4ACC-AB0F-3E29EF040366}"
EndProject
Project("{FAE04EC0-301F-11D3-BF4B-00C04F79EFBC}") = "BusRouteControl.Domain", "BusRouteControl.Domain\BusRouteControl.Domain.csproj", "{546C2AE8-FB86-4449-8D82-4238F25DCC74}"
EndProject
Project("{FAE04EC0-301F-11D3-BF4B-00C04F79EFBC}") = "BusRouteControl.Application", "BusRouteControl.Application\BusRouteControl.Application.csproj", "{B086C593-9E64-4EF7-A049-D7048AA2FBFB}"
EndProject
Project("{FAE04EC0-301F-11D3-BF4B-00C04F79EFBC}") = "BusRouteControl.Infrastructure", "BusRouteControl.Infrastructure\BusRouteControl.Infrastructure.csproj", "{B3D010AB-8E5D-4917-8291-6249FDF1A5EB}"
EndProject
Project("{FAE04EC0-301F-11D3-BF4B-00C04F79EFBC}") = "BusRouteControl.API", "BusRouteControl.API\BusRouteControl.API.csproj", "{9B90742B-FD5E-4B7B-8869-03C203BEB834}"
EndProject
Project("{2150E333-8FDC-42A3-9474-1A3956D46DE8}") = "Presentation", "Presentation", "{276C6353-E429-440F-A2E7-E4D208FBAE36}"
EndProject
Project("{2150E333-8FDC-42A3-9474-1A3956D46DE8}") = "DataAccess", "DataAccess", "{C497FE0E-775C-4381-8001-168015580C41}"
EndProject
Project("{2150E333-8FDC-42A3-9474-1A3956D46DE8}") = "Business", "Business", "{1B38711B-0314-41C0-B4BF-FDB984DBC9D7}"
EndProject
Global
	GlobalSection(SolutionConfigurationPlatforms) = preSolution
		Debug|Any CPU = Debug|Any CPU
		Release|Any CPU = Release|Any CPU
	EndGlobalSection
	GlobalSection(ProjectConfigurationPlatforms) = postSolution
		{FD2701A1-26FE-4ACC-AB0F-3E29EF040366}.Debug|Any CPU.ActiveCfg = Debug|Any CPU
		{FD2701A1-26FE-4ACC-AB0F-3E29EF040366}.Debug|Any CPU.Build.0 = Debug|Any CPU
		{FD2701A1-26FE-4ACC-AB0F-3E29EF040366}.Release|Any CPU.ActiveCfg = Release|Any CPU
		{FD2701A1-26FE-4ACC-AB0F-3E29EF040366}.Release|Any CPU.Build.0 = Release|Any CPU
		{546C2AE8-FB86-4449-8D82-4238F25DCC74}.Debug|Any CPU.ActiveCfg = Debug|Any CPU
		{546C2AE8-FB86-4449-8D82-4238F25DCC74}.Debug|Any CPU.Build.0 = Debug|Any CPU
		{546C2AE8-FB86-4449-8D82-4238F25DCC74}.Release|Any CPU.ActiveCfg = Release|Any CPU
		{546C2AE8-FB86-4449-8D82-4238F25DCC74}.Release|Any CPU.Build.0 = Release|Any CPU
		{B086C593-9E64-4EF7-A049-D7048AA2FBFB}.Debug|Any CPU.ActiveCfg = Debug|Any CPU
		{B086C593-9E64-4EF7-A049-D7048AA2FBFB}.Debug|Any CPU.Build.0 = Debug|Any CPU
		{B086C593-9E64-4EF7-A049-D7048AA2FBFB}.Release|Any CPU.ActiveCfg = Release|Any CPU
		{B086C593-9E64-4EF7-A049-D7048AA2FBFB}.Release|Any CPU.Build.0 = Release|Any CPU
		{B3D010AB-8E5D-4917-8291-6249FDF1A5EB}.Debug|Any CPU.ActiveCfg = Debug|Any CPU
		{B3D010AB-8E5D-4917-8291-6249FDF1A5EB}.Debug|Any CPU.Build.0 = Debug|Any CPU
		{B3D010AB-8E5D-4917-8291-6249FDF1A5EB}.Release|Any CPU.ActiveCfg = Release|Any CPU
		{B3D010AB-8E5D-4917-8291-6249FDF1A5EB}.Release|Any CPU.Build.0 = Release|Any CPU
		{9B90742B-FD5E-4B7B-8869-03C203BEB834}.Debug|Any CPU.ActiveCfg = Debug|Any CPU
		{9B90742B-FD5E-4B7B-8869-03C203BEB834}.Debug|Any CPU.Build.0 = Debug|Any CPU
		{9B90742B-FD5E-4B7B-8869-03C203BEB834}.Release|Any CPU.ActiveCfg = Release|Any CPU
		{9B90742B-FD5E-4B7B-8869-03C203BEB834}.Release|Any CPU.Build.0 = Release|Any CPU
	EndGlobalSection
	GlobalSection(SolutionProperties) = preSolution
		HideSolutionNode = FALSE
	EndGlobalSection
	GlobalSection(NestedProjects) = preSolution
		{FD2701A1-26FE-4ACC-AB0F-3E29EF040366} = {276C6353-E429-440F-A2E7-E4D208FBAE36}
		{546C2AE8-FB86-4449-8D82-4238F25DCC74} = {C497FE0E-775C-4381-8001-168015580C41}
		{B086C593-9E64-4EF7-A049-D7048AA2FBFB} = {1B38711B-0314-41C0-B4BF-FDB984DBC9D7}
		{B3D010AB-8E5D-4917-8291-6249FDF1A5EB} = {C497FE0E-775C-4381-8001-168015580C41}
		{9B90742B-FD5E-4B7B-8869-03C203BEB834} = {276C6353-E429-440F-A2E7-E4D208FBAE36}
	EndGlobalSection
EndGlobal
